<Solution>
  <Project Path="Unity.RenderPipelines.GPUDriven.Runtime.csproj" />
  <Project Path="Unity.ShaderGraph.Editor.csproj" />
  <Project Path="Unity.RenderPipelines.Core.Runtime.csproj" />
  <Project Path="Unity.Mathematics.csproj" />
  <Project Path="Unity.RenderPipelines.Core.Editor.csproj" />
  <Project Path="Unity.Collections.csproj" />
  <Project Path="UnityEngine.UI.csproj" />
  <Project Path="Unity.RenderPipelines.Universal.2D.Runtime.csproj" />
  <Project Path="Unity.VisualScripting.Core.Editor.csproj" />
  <Project Path="Unity.RenderPipelines.Universal.Editor.csproj" />
  <Project Path="Unity.PerformanceTesting.Editor.csproj" />
  <Project Path="UnityEngine.TestRunner.csproj" />
  <Project Path="Unity.Burst.csproj" />
  <Project Path="Unity.VisualScripting.Flow.Editor.csproj" />
  <Project Path="Unity.VisualStudio.Editor.csproj" />
  <Project Path="toio-sdk-scripts.csproj" />
  <Project Path="Unity.InputSystem.csproj" />
  <Project Path="PPv2URPConverters.csproj" />
  <Project Path="UniTask.csproj" />
  <Project Path="Unity.Searcher.Editor.csproj" />
  <Project Path="UnityEditor.TestRunner.csproj" />
  <Project Path="Unity.VisualScripting.Core.csproj" />
  <Project Path="Unity.RenderPipelines.Universal.Runtime.csproj" />
  <Project Path="Unity.UnifiedRayTracing.Runtime.csproj" />
  <Project Path="Assembly-CSharp.csproj" />
  <Project Path="Unity.VisualScripting.State.Editor.csproj" />
  <Project Path="Unity.Burst.CodeGen.csproj" />
  <Project Path="Unity.VisualScripting.Flow.csproj" />
  <Project Path="Unity.PerformanceTesting.csproj" />
  <Project Path="Unity.TextMeshPro.csproj" />
  <Project Path="UniTask.Linq.csproj" />
  <Project Path="Unity.TextMeshPro.Editor.csproj" />
  <Project Path="Unity.Burst.Editor.csproj" />
  <Project Path="Unity.Mobile.AndroidLogcat.Editor.csproj" />
  <Project Path="Unity.VisualScripting.State.csproj" />
  <Project Path="UnityEditor.UI.csproj" />
  <Project Path="Unity.RenderPipelines.Universal.2D.Editor.Overrides.csproj" />
  <Project Path="ble-plugin-unity.csproj" />
  <Project Path="Unity.2D.Sprite.Editor.csproj" />
  <Project Path="EditMode.csproj" />
  <Project Path="Unity.InputSystem.ForUI.csproj" />
  <Project Path="Unity.Collections.CodeGen.csproj" />
  <Project Path="Assembly-CSharp-Editor.csproj" />
  <Project Path="Unity.Mathematics.Editor.csproj" />
  <Project Path="Unity.VisualScripting.SettingsProvider.Editor.csproj" />
  <Project Path="UnityEditor.UI.Analytics.csproj" />
  <Project Path="UniTask.TextMeshPro.csproj" />
  <Project Path="Unity.InputSystem.TestFramework.csproj" />
  <Project Path="Unity.ShaderGraph.Utilities.csproj" />
  <Project Path="Unity.VisualScripting.Shared.Editor.csproj" />
  <Project Path="bleplugin-x86_64.csproj" />
  <Project Path="Unity.RenderPipeline.Universal.ShaderLibrary.csproj" />
  <Project Path="PlayMode.csproj" />
  <Project Path="UniTask.Editor.csproj" />
  <Project Path="Unity.InputSystem.DocCodeSamples.csproj" />
  <Project Path="Unity.RenderPipelines.Universal.Shaders.csproj" />
  <Project Path="Unity.RenderPipelines.Core.Runtime.Shared.csproj" />
  <Project Path="Unity.InternalAPIEngineBridge.004.csproj" />
  <Project Path="Unity.RenderPipelines.Core.Editor.Shared.csproj" />
  <Project Path="Unity.VisualScripting.DocCodeExamples.csproj" />
  <Project Path="UniTask.Addressables.csproj" />
  <Project Path="Unity.Rendering.LightTransport.Editor.csproj" />
  <Project Path="Unity.Collections.Editor.csproj" />
  <Project Path="UniTask.DOTween.csproj" />
  <Project Path="Unity.RenderPipelines.Universal.Config.Runtime.csproj" />
  <Project Path="Unity.RenderPipelines.ShaderGraph.ShaderGraphLibrary.csproj" />
  <Project Path="Unity.RenderPipelines.Core.ShaderLibrary.csproj" />
</Solution>
